
Microsoft Visual Studio Solution File, Format Version 12.00
# Visual Studio 2012
Project("{FAE04EC0-301F-11D3-BF4B-00C04F79EFBC}") = "InternationalMovile", "InternationalMovile\InternationalMovile.csproj", "{D77A3251-A5BF-46F4-9C5D-5BEB75CC15A8}"
EndProject
Global
	GlobalSection(SolutionConfigurationPlatforms) = preSolution
		Debug|Any CPU = Debug|Any CPU
		Release|Any CPU = Release|Any CPU
	EndGlobalSection
	GlobalSection(ProjectConfigurationPlatforms) = postSolution
		{D77A3251-A5BF-46F4-9C5D-5BEB75CC15A8}.Debug|Any CPU.ActiveCfg = Debug|Any CPU
		{D77A3251-A5BF-46F4-9C5D-5BEB75CC15A8}.Debug|Any CPU.Build.0 = Debug|Any CPU
		{D77A3251-A5BF-46F4-9C5D-5BEB75CC15A8}.Release|Any CPU.ActiveCfg = Release|Any CPU
		{D77A3251-A5BF-46F4-9C5D-5BEB75CC15A8}.Release|Any CPU.Build.0 = Release|Any CPU
	EndGlobalSection
	GlobalSection(SolutionProperties) = preSolution
		HideSolutionNode = FALSE
	EndGlobalSection
EndGlobal
